
Microsoft Visual Studio Solution File, Format Version 12.00
# Visual Studio Version 17
VisualStudioVersion = 17.7.34003.232
MinimumVisualStudioVersion = 10.0.40219.1
Project("{FAE04EC0-301F-11D3-BF4B-00C04F79EFBC}") = "high_score_if_else_condi", "high_score_if_else_condi\high_score_if_else_condi.csproj", "{32467A23-160F-44DD-9018-2CF91638D791}"
EndProject
Global
	GlobalSection(SolutionConfigurationPlatforms) = preSolution
		Debug|Any CPU = Debug|Any CPU
		Release|Any CPU = Release|Any CPU
	EndGlobalSection
	GlobalSection(ProjectConfigurationPlatforms) = postSolution
		{32467A23-160F-44DD-9018-2CF91638D791}.Debug|Any CPU.ActiveCfg = Debug|Any CPU
		{32467A23-160F-44DD-9018-2CF91638D791}.Debug|Any CPU.Build.0 = Debug|Any CPU
		{32467A23-160F-44DD-9018-2CF91638D791}.Release|Any CPU.ActiveCfg = Release|Any CPU
		{32467A23-160F-44DD-9018-2CF91638D791}.Release|Any CPU.Build.0 = Release|Any CPU
	EndGlobalSection
	GlobalSection(SolutionProperties) = preSolution
		HideSolutionNode = FALSE
	EndGlobalSection
	GlobalSection(ExtensibilityGlobals) = postSolution
		SolutionGuid = {CC59B0CE-F3A7-47BD-B1F9-5FE6DB1F3E2F}
	EndGlobalSection
EndGlobal
