
Microsoft Visual Studio Solution File, Format Version 12.00
# Visual Studio Version 17
VisualStudioVersion = 17.7.34003.232
MinimumVisualStudioVersion = 10.0.40219.1
Project("{FAE04EC0-301F-11D3-BF4B-00C04F79EFBC}") = "Dotnet", "Dotnet\Dotnet.csproj", "{8C2BAC7F-C28A-4B9F-AA3F-19AECEE3C1BB}"
EndProject
Global
	GlobalSection(SolutionConfigurationPlatforms) = preSolution
		Debug|Any CPU = Debug|Any CPU
		Release|Any CPU = Release|Any CPU
	EndGlobalSection
	GlobalSection(ProjectConfigurationPlatforms) = postSolution
		{8C2BAC7F-C28A-4B9F-AA3F-19AECEE3C1BB}.Debug|Any CPU.ActiveCfg = Debug|Any CPU
		{8C2BAC7F-C28A-4B9F-AA3F-19AECEE3C1BB}.Debug|Any CPU.Build.0 = Debug|Any CPU
		{8C2BAC7F-C28A-4B9F-AA3F-19AECEE3C1BB}.Release|Any CPU.ActiveCfg = Release|Any CPU
		{8C2BAC7F-C28A-4B9F-AA3F-19AECEE3C1BB}.Release|Any CPU.Build.0 = Release|Any CPU
	EndGlobalSection
	GlobalSection(SolutionProperties) = preSolution
		HideSolutionNode = FALSE
	EndGlobalSection
	GlobalSection(ExtensibilityGlobals) = postSolution
		SolutionGuid = {24CDD3B8-3467-4F1C-8E94-1152B4BEE3C3}
	EndGlobalSection
EndGlobal
