
Microsoft Visual Studio Solution File, Format Version 12.00
# Visual Studio Version 17
VisualStudioVersion = 17.7.34003.232
MinimumVisualStudioVersion = 10.0.40219.1
Project("{FAE04EC0-301F-11D3-BF4B-00C04F79EFBC}") = "nested_condition", "nested_condition\nested_condition.csproj", "{7416B7CA-2707-4739-AA39-2E230BA339BD}"
EndProject
Global
	GlobalSection(SolutionConfigurationPlatforms) = preSolution
		Debug|Any CPU = Debug|Any CPU
		Release|Any CPU = Release|Any CPU
	EndGlobalSection
	GlobalSection(ProjectConfigurationPlatforms) = postSolution
		{7416B7CA-2707-4739-AA39-2E230BA339BD}.Debug|Any CPU.ActiveCfg = Debug|Any CPU
		{7416B7CA-2707-4739-AA39-2E230BA339BD}.Debug|Any CPU.Build.0 = Debug|Any CPU
		{7416B7CA-2707-4739-AA39-2E230BA339BD}.Release|Any CPU.ActiveCfg = Release|Any CPU
		{7416B7CA-2707-4739-AA39-2E230BA339BD}.Release|Any CPU.Build.0 = Release|Any CPU
	EndGlobalSection
	GlobalSection(SolutionProperties) = preSolution
		HideSolutionNode = FALSE
	EndGlobalSection
	GlobalSection(ExtensibilityGlobals) = postSolution
		SolutionGuid = {6F305B2D-FE23-4C57-9B0B-010E6952A485}
	EndGlobalSection
EndGlobal
